
Microsoft Visual Studio Solution File, Format Version 12.00
# Visual Studio 15
VisualStudioVersion = 15.0.27703.2035
MinimumVisualStudioVersion = 10.0.40219.1
Project("{FAE04EC0-301F-11D3-BF4B-00C04F79EFBC}") = "topic5", "Homework1\topic5.csproj", "{A270E0FC-B2E7-42E9-BF55-B9E586578060}"
EndProject
Project("{FAE04EC0-301F-11D3-BF4B-00C04F79EFBC}") = "topic4", "topic4\topic4.csproj", "{74CCD7F4-B04E-4DE4-B5A7-C20B47E9CE8E}"
EndProject
Global
	GlobalSection(SolutionConfigurationPlatforms) = preSolution
		Debug|Any CPU = Debug|Any CPU
		Release|Any CPU = Release|Any CPU
	EndGlobalSection
	GlobalSection(ProjectConfigurationPlatforms) = postSolution
		{A270E0FC-B2E7-42E9-BF55-B9E586578060}.Debug|Any CPU.ActiveCfg = Debug|Any CPU
		{A270E0FC-B2E7-42E9-BF55-B9E586578060}.Debug|Any CPU.Build.0 = Debug|Any CPU
		{A270E0FC-B2E7-42E9-BF55-B9E586578060}.Release|Any CPU.ActiveCfg = Release|Any CPU
		{A270E0FC-B2E7-42E9-BF55-B9E586578060}.Release|Any CPU.Build.0 = Release|Any CPU
		{74CCD7F4-B04E-4DE4-B5A7-C20B47E9CE8E}.Debug|Any CPU.ActiveCfg = Debug|Any CPU
		{74CCD7F4-B04E-4DE4-B5A7-C20B47E9CE8E}.Debug|Any CPU.Build.0 = Debug|Any CPU
		{74CCD7F4-B04E-4DE4-B5A7-C20B47E9CE8E}.Release|Any CPU.ActiveCfg = Release|Any CPU
		{74CCD7F4-B04E-4DE4-B5A7-C20B47E9CE8E}.Release|Any CPU.Build.0 = Release|Any CPU
	EndGlobalSection
	GlobalSection(SolutionProperties) = preSolution
		HideSolutionNode = FALSE
	EndGlobalSection
	GlobalSection(ExtensibilityGlobals) = postSolution
		SolutionGuid = {FBBB55A5-EDB5-4D7C-8AA4-D164CBE94BD9}
	EndGlobalSection
EndGlobal
